{
  "name": "ubre",
  "version": "0.1.0",
  "lockfileVersion": 1,
  "requires": true,
  "dependencies": {
    "async-limiter": {
      "version": "1.0.0",
      "resolved": "https://registry.npmjs.org/async-limiter/-/async-limiter-1.0.0.tgz",
      "integrity": "sha512-jp/uFnooOiO+L211eZOoSyzpOITMXx1rBITauYykG3BRYPu8h0UcxsPNB04RR5vo4Tyz3+ay17tR6JVf9qzYWg==",
      "dev": true
    },
    "esm": {
      "version": "3.0.84",
      "resolved": "https://registry.npmjs.org/esm/-/esm-3.0.84.tgz",
      "integrity": "sha512-SzSGoZc17S7P+12R9cg21Bdb7eybX25RnIeRZ80xZs+VZ3kdQKzqTp2k4hZJjR7p9l0186TTXSgrxzlMDBktlw==",
      "dev": true
    },
    "mithril-stream": {
      "version": "1.1.0",
      "resolved": "https://registry.npmjs.org/mithril-stream/-/mithril-stream-1.1.0.tgz",
      "integrity": "sha512-kb0NuJqUf92aWl03sd7FQFa+Phvk/9bdlM3qz1ZdHVxEiqm3GJN4zUV1NkNIhIVJumbT52fxe5C5bp+ovCbWOA==",
      "dev": true
    },
    "pws": {
      "version": "1.0.2",
      "resolved": "https://registry.npmjs.org/pws/-/pws-1.0.2.tgz",
      "integrity": "sha512-LbrnRJxCwYuwprGRXtNWzP6gPGcvRWdoMVAMG7zceQ+qUGNImnNQM6z4y3hESSuaj7/vtfkcKhkRjM9dv2vD+g==",
      "dev": true
    },
    "uuid": {
      "version": "3.3.2",
      "resolved": "https://registry.npmjs.org/uuid/-/uuid-3.3.2.tgz",
      "integrity": "sha512-yXJmeNaw3DnnKAOKJE51sL/ZaYfWJRl1pK9dr19YFCu0ObS231AB1/LbqTKRAQ5kw8A90rA6fr4riOUpTZvQZA=="
    },
    "ws": {
      "version": "6.0.0",
      "resolved": "https://registry.npmjs.org/ws/-/ws-6.0.0.tgz",
      "integrity": "sha512-c2UlYcAZp1VS8AORtpq6y4RJIkJ9dQz18W32SpR/qXGfLDZ2jU4y4wKvvZwqbi7U6gxFQTeE+urMbXU/tsDy4w==",
      "dev": true,
      "requires": {
        "async-limiter": "~1.0.0"
      }
    }
  }
}
